// !$*UTF8*$!
{
	archiveVersion = 1;
	classes = {
	};
	objectVersion = 56;
	objects = {

/* Begin PBXBuildFile section */
		945239522C4D887200CB2BD6 /* TwitterCloneApp.swift in Sources */ = {isa = PBXBuildFile; fileRef = 945239512C4D887200CB2BD6 /* TwitterCloneApp.swift */; };
		945239542C4D887200CB2BD6 /* ContentView.swift in Sources */ = {isa = PBXBuildFile; fileRef = 945239532C4D887200CB2BD6 /* ContentView.swift */; };
		945239562C4D887300CB2BD6 /* Assets.xcassets in Resources */ = {isa = PBXBuildFile; fileRef = 945239552C4D887300CB2BD6 /* Assets.xcassets */; };
		945239592C4D887300CB2BD6 /* Preview Assets.xcassets in Resources */ = {isa = PBXBuildFile; fileRef = 945239582C4D887300CB2BD6 /* Preview Assets.xcassets */; };
		945239632C4D887400CB2BD6 /* TwitterCloneTests.swift in Sources */ = {isa = PBXBuildFile; fileRef = 945239622C4D887400CB2BD6 /* TwitterCloneTests.swift */; };
		9452396D2C4D887400CB2BD6 /* TwitterCloneUITests.swift in Sources */ = {isa = PBXBuildFile; fileRef = 9452396C2C4D887400CB2BD6 /* TwitterCloneUITests.swift */; };
		9452396F2C4D887400CB2BD6 /* TwitterCloneUITestsLaunchTests.swift in Sources */ = {isa = PBXBuildFile; fileRef = 9452396E2C4D887400CB2BD6 /* TwitterCloneUITestsLaunchTests.swift */; };
		945239842C4D8B1C00CB2BD6 /* FeedView.swift in Sources */ = {isa = PBXBuildFile; fileRef = 945239832C4D8B1C00CB2BD6 /* FeedView.swift */; };
		945239872C4D8C4100CB2BD6 /* TweetRowView.swift in Sources */ = {isa = PBXBuildFile; fileRef = 945239862C4D8C4100CB2BD6 /* TweetRowView.swift */; };
		9452398B2C4D935400CB2BD6 /* MainTabView.swift in Sources */ = {isa = PBXBuildFile; fileRef = 9452398A2C4D935400CB2BD6 /* MainTabView.swift */; };
		945239932C4D95B500CB2BD6 /* ExploreView.swift in Sources */ = {isa = PBXBuildFile; fileRef = 945239922C4D95B500CB2BD6 /* ExploreView.swift */; };
		945239962C4E6CF600CB2BD6 /* Notifications.swift in Sources */ = {isa = PBXBuildFile; fileRef = 945239952C4E6CF600CB2BD6 /* Notifications.swift */; };
		945239982C4E6D8300CB2BD6 /* MessagesView.swift in Sources */ = {isa = PBXBuildFile; fileRef = 945239972C4E6D8300CB2BD6 /* MessagesView.swift */; };
		9452399C2C4E71F200CB2BD6 /* ProfileView.swift in Sources */ = {isa = PBXBuildFile; fileRef = 9452399B2C4E71F200CB2BD6 /* ProfileView.swift */; };
		945239A42C5145F300CB2BD6 /* TweetFilterViewModel.swift in Sources */ = {isa = PBXBuildFile; fileRef = 945239A32C5145F300CB2BD6 /* TweetFilterViewModel.swift */; };
		945239A92C514EB200CB2BD6 /* UserRowView.swift in Sources */ = {isa = PBXBuildFile; fileRef = 945239A82C514EB200CB2BD6 /* UserRowView.swift */; };
		945239AE2C51530800CB2BD6 /* SideMenuView.swift in Sources */ = {isa = PBXBuildFile; fileRef = 945239AD2C51530800CB2BD6 /* SideMenuView.swift */; };
		945239B02C51531900CB2BD6 /* SideMenuRowView.swift in Sources */ = {isa = PBXBuildFile; fileRef = 945239AF2C51531900CB2BD6 /* SideMenuRowView.swift */; };
/* End PBXBuildFile section */

/* Begin PBXContainerItemProxy section */
		9452395F2C4D887400CB2BD6 /* PBXContainerItemProxy */ = {
			isa = PBXContainerItemProxy;
			containerPortal = 945239462C4D887200CB2BD6 /* Project object */;
			proxyType = 1;
			remoteGlobalIDString = 9452394D2C4D887200CB2BD6;
			remoteInfo = TwitterClone;
		};
		945239692C4D887400CB2BD6 /* PBXContainerItemProxy */ = {
			isa = PBXContainerItemProxy;
			containerPortal = 945239462C4D887200CB2BD6 /* Project object */;
			proxyType = 1;
			remoteGlobalIDString = 9452394D2C4D887200CB2BD6;
			remoteInfo = TwitterClone;
		};
/* End PBXContainerItemProxy section */

/* Begin PBXFileReference section */
		9452394E2C4D887200CB2BD6 /* TwitterClone.app */ = {isa = PBXFileReference; explicitFileType = wrapper.application; includeInIndex = 0; path = TwitterClone.app; sourceTree = BUILT_PRODUCTS_DIR; };
		945239512C4D887200CB2BD6 /* TwitterCloneApp.swift */ = {isa = PBXFileReference; lastKnownFileType = sourcecode.swift; path = TwitterCloneApp.swift; sourceTree = "<group>"; };
		945239532C4D887200CB2BD6 /* ContentView.swift */ = {isa = PBXFileReference; lastKnownFileType = sourcecode.swift; path = ContentView.swift; sourceTree = "<group>"; };
		945239552C4D887300CB2BD6 /* Assets.xcassets */ = {isa = PBXFileReference; lastKnownFileType = folder.assetcatalog; path = Assets.xcassets; sourceTree = "<group>"; };
		945239582C4D887300CB2BD6 /* Preview Assets.xcassets */ = {isa = PBXFileReference; lastKnownFileType = folder.assetcatalog; path = "Preview Assets.xcassets"; sourceTree = "<group>"; };
		9452395E2C4D887400CB2BD6 /* TwitterCloneTests.xctest */ = {isa = PBXFileReference; explicitFileType = wrapper.cfbundle; includeInIndex = 0; path = TwitterCloneTests.xctest; sourceTree = BUILT_PRODUCTS_DIR; };
		945239622C4D887400CB2BD6 /* TwitterCloneTests.swift */ = {isa = PBXFileReference; lastKnownFileType = sourcecode.swift; path = TwitterCloneTests.swift; sourceTree = "<group>"; };
		945239682C4D887400CB2BD6 /* TwitterCloneUITests.xctest */ = {isa = PBXFileReference; explicitFileType = wrapper.cfbundle; includeInIndex = 0; path = TwitterCloneUITests.xctest; sourceTree = BUILT_PRODUCTS_DIR; };
		9452396C2C4D887400CB2BD6 /* TwitterCloneUITests.swift */ = {isa = PBXFileReference; lastKnownFileType = sourcecode.swift; path = TwitterCloneUITests.swift; sourceTree = "<group>"; };
		9452396E2C4D887400CB2BD6 /* TwitterCloneUITestsLaunchTests.swift */ = {isa = PBXFileReference; lastKnownFileType = sourcecode.swift; path = TwitterCloneUITestsLaunchTests.swift; sourceTree = "<group>"; };
		945239832C4D8B1C00CB2BD6 /* FeedView.swift */ = {isa = PBXFileReference; lastKnownFileType = sourcecode.swift; path = FeedView.swift; sourceTree = "<group>"; };
		945239862C4D8C4100CB2BD6 /* TweetRowView.swift */ = {isa = PBXFileReference; lastKnownFileType = sourcecode.swift; path = TweetRowView.swift; sourceTree = "<group>"; };
		9452398A2C4D935400CB2BD6 /* MainTabView.swift */ = {isa = PBXFileReference; lastKnownFileType = sourcecode.swift; path = MainTabView.swift; sourceTree = "<group>"; };
		945239922C4D95B500CB2BD6 /* ExploreView.swift */ = {isa = PBXFileReference; lastKnownFileType = sourcecode.swift; path = ExploreView.swift; sourceTree = "<group>"; };
		945239952C4E6CF600CB2BD6 /* Notifications.swift */ = {isa = PBXFileReference; lastKnownFileType = sourcecode.swift; path = Notifications.swift; sourceTree = "<group>"; };
		945239972C4E6D8300CB2BD6 /* MessagesView.swift */ = {isa = PBXFileReference; lastKnownFileType = sourcecode.swift; path = MessagesView.swift; sourceTree = "<group>"; };
		9452399B2C4E71F200CB2BD6 /* ProfileView.swift */ = {isa = PBXFileReference; lastKnownFileType = sourcecode.swift; path = ProfileView.swift; sourceTree = "<group>"; };
		945239A32C5145F300CB2BD6 /* TweetFilterViewModel.swift */ = {isa = PBXFileReference; lastKnownFileType = sourcecode.swift; path = TweetFilterViewModel.swift; sourceTree = "<group>"; };
		945239A82C514EB200CB2BD6 /* UserRowView.swift */ = {isa = PBXFileReference; lastKnownFileType = sourcecode.swift; path = UserRowView.swift; sourceTree = "<group>"; };
		945239AD2C51530800CB2BD6 /* SideMenuView.swift */ = {isa = PBXFileReference; lastKnownFileType = sourcecode.swift; path = SideMenuView.swift; sourceTree = "<group>"; };
		945239AF2C51531900CB2BD6 /* SideMenuRowView.swift */ = {isa = PBXFileReference; lastKnownFileType = sourcecode.swift; path = SideMenuRowView.swift; sourceTree = "<group>"; };
/* End PBXFileReference section */

/* Begin PBXFrameworksBuildPhase section */
		9452394B2C4D887200CB2BD6 /* Frameworks */ = {
			isa = PBXFrameworksBuildPhase;
			buildActionMask = 2147483647;
			files = (
			);
			runOnlyForDeploymentPostprocessing = 0;
		};
		9452395B2C4D887400CB2BD6 /* Frameworks */ = {
			isa = PBXFrameworksBuildPhase;
			buildActionMask = 2147483647;
			files = (
			);
			runOnlyForDeploymentPostprocessing = 0;
		};
		945239652C4D887400CB2BD6 /* Frameworks */ = {
			isa = PBXFrameworksBuildPhase;
			buildActionMask = 2147483647;
			files = (
			);
			runOnlyForDeploymentPostprocessing = 0;
		};
/* End PBXFrameworksBuildPhase section */

/* Begin PBXGroup section */
		945239452C4D887200CB2BD6 = {
			isa = PBXGroup;
			children = (
				945239502C4D887200CB2BD6 /* TwitterClone */,
				945239612C4D887400CB2BD6 /* TwitterCloneTests */,
				9452396B2C4D887400CB2BD6 /* TwitterCloneUITests */,
				9452394F2C4D887200CB2BD6 /* Products */,
			);
			sourceTree = "<group>";
		};
		9452394F2C4D887200CB2BD6 /* Products */ = {
			isa = PBXGroup;
			children = (
				9452394E2C4D887200CB2BD6 /* TwitterClone.app */,
				9452395E2C4D887400CB2BD6 /* TwitterCloneTests.xctest */,
				945239682C4D887400CB2BD6 /* TwitterCloneUITests.xctest */,
			);
			name = Products;
			sourceTree = "<group>";
		};
		945239502C4D887200CB2BD6 /* TwitterClone */ = {
			isa = PBXGroup;
			children = (
				9452397E2C4D894900CB2BD6 /* Extensions */,
				9452397D2C4D894500CB2BD6 /* Model */,
				9452397C2C4D894200CB2BD6 /* Service */,
				9452397B2C4D892D00CB2BD6 /* Core */,
				945239512C4D887200CB2BD6 /* TwitterCloneApp.swift */,
				945239532C4D887200CB2BD6 /* ContentView.swift */,
				945239552C4D887300CB2BD6 /* Assets.xcassets */,
				945239572C4D887300CB2BD6 /* Preview Content */,
			);
			path = TwitterClone;
			sourceTree = "<group>";
		};
		945239572C4D887300CB2BD6 /* Preview Content */ = {
			isa = PBXGroup;
			children = (
				945239582C4D887300CB2BD6 /* Preview Assets.xcassets */,
			);
			path = "Preview Content";
			sourceTree = "<group>";
		};
		945239612C4D887400CB2BD6 /* TwitterCloneTests */ = {
			isa = PBXGroup;
			children = (
				945239622C4D887400CB2BD6 /* TwitterCloneTests.swift */,
			);
			path = TwitterCloneTests;
			sourceTree = "<group>";
		};
		9452396B2C4D887400CB2BD6 /* TwitterCloneUITests */ = {
			isa = PBXGroup;
			children = (
				9452396C2C4D887400CB2BD6 /* TwitterCloneUITests.swift */,
				9452396E2C4D887400CB2BD6 /* TwitterCloneUITestsLaunchTests.swift */,
			);
			path = TwitterCloneUITests;
			sourceTree = "<group>";
		};
		9452397B2C4D892D00CB2BD6 /* Core */ = {
			isa = PBXGroup;
			children = (
				945239AA2C5152E100CB2BD6 /* SideMenu */,
				945239802C4D8A5E00CB2BD6 /* Components */,
				945239912C4D958200CB2BD6 /* Profile */,
				945239902C4D956D00CB2BD6 /* Messages */,
				9452398D2C4D950000CB2BD6 /* Explore */,
				9452398C2C4D94FD00CB2BD6 /* Notifications */,
				945239882C4D930300CB2BD6 /* MainTab */,
				9452397F2C4D8A5700CB2BD6 /* Feed */,
			);
			path = Core;
			sourceTree = "<group>";
		};
		9452397C2C4D894200CB2BD6 /* Service */ = {
			isa = PBXGroup;
			children = (
			);
			path = Service;
			sourceTree = "<group>";
		};
		9452397D2C4D894500CB2BD6 /* Model */ = {
			isa = PBXGroup;
			children = (
			);
			path = Model;
			sourceTree = "<group>";
		};
		9452397E2C4D894900CB2BD6 /* Extensions */ = {
			isa = PBXGroup;
			children = (
			);
			path = Extensions;
			sourceTree = "<group>";
		};
		9452397F2C4D8A5700CB2BD6 /* Feed */ = {
			isa = PBXGroup;
			children = (
				945239822C4D8AEA00CB2BD6 /* ViewModels */,
				945239812C4D8AE700CB2BD6 /* View */,
			);
			path = Feed;
			sourceTree = "<group>";
		};
		945239802C4D8A5E00CB2BD6 /* Components */ = {
			isa = PBXGroup;
			children = (
				945239A72C514E9500CB2BD6 /* Users */,
				945239852C4D8BEF00CB2BD6 /* Tweets */,
			);
			path = Components;
			sourceTree = "<group>";
		};
		945239812C4D8AE700CB2BD6 /* View */ = {
			isa = PBXGroup;
			children = (
				945239832C4D8B1C00CB2BD6 /* FeedView.swift */,
			);
			path = View;
			sourceTree = "<group>";
		};
		945239822C4D8AEA00CB2BD6 /* ViewModels */ = {
			isa = PBXGroup;
			children = (
			);
			path = ViewModels;
			sourceTree = "<group>";
		};
		945239852C4D8BEF00CB2BD6 /* Tweets */ = {
			isa = PBXGroup;
			children = (
				945239862C4D8C4100CB2BD6 /* TweetRowView.swift */,
			);
			path = Tweets;
			sourceTree = "<group>";
		};
		945239882C4D930300CB2BD6 /* MainTab */ = {
			isa = PBXGroup;
			children = (
				9452398A2C4D935400CB2BD6 /* MainTabView.swift */,
			);
			path = MainTab;
			sourceTree = "<group>";
		};
		9452398C2C4D94FD00CB2BD6 /* Notifications */ = {
			isa = PBXGroup;
			children = (
				945239952C4E6CF600CB2BD6 /* Notifications.swift */,
			);
			path = Notifications;
			sourceTree = "<group>";
		};
		9452398D2C4D950000CB2BD6 /* Explore */ = {
			isa = PBXGroup;
			children = (
				945239A62C514E5700CB2BD6 /* ViewModel */,
				945239A52C514E2300CB2BD6 /* Views */,
			);
			path = Explore;
			sourceTree = "<group>";
		};
		945239902C4D956D00CB2BD6 /* Messages */ = {
			isa = PBXGroup;
			children = (
				945239972C4E6D8300CB2BD6 /* MessagesView.swift */,
			);
			path = Messages;
			sourceTree = "<group>";
		};
		945239912C4D958200CB2BD6 /* Profile */ = {
			isa = PBXGroup;
			children = (
				9452399A2C4E71CF00CB2BD6 /* ViewModel */,
				945239992C4E71C700CB2BD6 /* Views */,
			);
			path = Profile;
			sourceTree = "<group>";
		};
		945239992C4E71C700CB2BD6 /* Views */ = {
			isa = PBXGroup;
			children = (
				9452399B2C4E71F200CB2BD6 /* ProfileView.swift */,
			);
			path = Views;
			sourceTree = "<group>";
		};
		9452399A2C4E71CF00CB2BD6 /* ViewModel */ = {
			isa = PBXGroup;
			children = (
				945239A32C5145F300CB2BD6 /* TweetFilterViewModel.swift */,
			);
			path = ViewModel;
			sourceTree = "<group>";
		};
		945239A52C514E2300CB2BD6 /* Views */ = {
			isa = PBXGroup;
			children = (
				945239922C4D95B500CB2BD6 /* ExploreView.swift */,
			);
			path = Views;
			sourceTree = "<group>";
		};
		945239A62C514E5700CB2BD6 /* ViewModel */ = {
			isa = PBXGroup;
			children = (
			);
			path = ViewModel;
			sourceTree = "<group>";
		};
		945239A72C514E9500CB2BD6 /* Users */ = {
			isa = PBXGroup;
			children = (
				945239A82C514EB200CB2BD6 /* UserRowView.swift */,
			);
			path = Users;
			sourceTree = "<group>";
		};
		945239AA2C5152E100CB2BD6 /* SideMenu */ = {
			isa = PBXGroup;
			children = (
				945239AC2C5152F100CB2BD6 /* ViewModel */,
				945239AB2C5152EA00CB2BD6 /* Views */,
			);
			path = SideMenu;
			sourceTree = "<group>";
		};
		945239AB2C5152EA00CB2BD6 /* Views */ = {
			isa = PBXGroup;
			children = (
				945239AD2C51530800CB2BD6 /* SideMenuView.swift */,
				945239AF2C51531900CB2BD6 /* SideMenuRowView.swift */,
			);
			path = Views;
			sourceTree = "<group>";
		};
		945239AC2C5152F100CB2BD6 /* ViewModel */ = {
			isa = PBXGroup;
			children = (
			);
			path = ViewModel;
			sourceTree = "<group>";
		};
/* End PBXGroup section */

/* Begin PBXNativeTarget section */
		9452394D2C4D887200CB2BD6 /* TwitterClone */ = {
			isa = PBXNativeTarget;
			buildConfigurationList = 945239722C4D887400CB2BD6 /* Build configuration list for PBXNativeTarget "TwitterClone" */;
			buildPhases = (
				9452394A2C4D887200CB2BD6 /* Sources */,
				9452394B2C4D887200CB2BD6 /* Frameworks */,
				9452394C2C4D887200CB2BD6 /* Resources */,
			);
			buildRules = (
			);
			dependencies = (
			);
			name = TwitterClone;
			productName = TwitterClone;
			productReference = 9452394E2C4D887200CB2BD6 /* TwitterClone.app */;
			productType = "com.apple.product-type.application";
		};
		9452395D2C4D887400CB2BD6 /* TwitterCloneTests */ = {
			isa = PBXNativeTarget;
			buildConfigurationList = 945239752C4D887400CB2BD6 /* Build configuration list for PBXNativeTarget "TwitterCloneTests" */;
			buildPhases = (
				9452395A2C4D887400CB2BD6 /* Sources */,
				9452395B2C4D887400CB2BD6 /* Frameworks */,
				9452395C2C4D887400CB2BD6 /* Resources */,
			);
			buildRules = (
			);
			dependencies = (
				945239602C4D887400CB2BD6 /* PBXTargetDependency */,
			);
			name = TwitterCloneTests;
			productName = TwitterCloneTests;
			productReference = 9452395E2C4D887400CB2BD6 /* TwitterCloneTests.xctest */;
			productType = "com.apple.product-type.bundle.unit-test";
		};
		945239672C4D887400CB2BD6 /* TwitterCloneUITests */ = {
			isa = PBXNativeTarget;
			buildConfigurationList = 945239782C4D887400CB2BD6 /* Build configuration list for PBXNativeTarget "TwitterCloneUITests" */;
			buildPhases = (
				945239642C4D887400CB2BD6 /* Sources */,
				945239652C4D887400CB2BD6 /* Frameworks */,
				945239662C4D887400CB2BD6 /* Resources */,
			);
			buildRules = (
			);
			dependencies = (
				9452396A2C4D887400CB2BD6 /* PBXTargetDependency */,
			);
			name = TwitterCloneUITests;
			productName = TwitterCloneUITests;
			productReference = 945239682C4D887400CB2BD6 /* TwitterCloneUITests.xctest */;
			productType = "com.apple.product-type.bundle.ui-testing";
		};
/* End PBXNativeTarget section */

/* Begin PBXProject section */
		945239462C4D887200CB2BD6 /* Project object */ = {
			isa = PBXProject;
			attributes = {
				BuildIndependentTargetsInParallel = 1;
				LastSwiftUpdateCheck = 1430;
				LastUpgradeCheck = 1430;
				TargetAttributes = {
					9452394D2C4D887200CB2BD6 = {
						CreatedOnToolsVersion = 14.3.1;
					};
					9452395D2C4D887400CB2BD6 = {
						CreatedOnToolsVersion = 14.3.1;
						TestTargetID = 9452394D2C4D887200CB2BD6;
					};
					945239672C4D887400CB2BD6 = {
						CreatedOnToolsVersion = 14.3.1;
						TestTargetID = 9452394D2C4D887200CB2BD6;
					};
				};
			};
			buildConfigurationList = 945239492C4D887200CB2BD6 /* Build configuration list for PBXProject "TwitterClone" */;
			compatibilityVersion = "Xcode 14.0";
			developmentRegion = en;
			hasScannedForEncodings = 0;
			knownRegions = (
				en,
				Base,
			);
			mainGroup = 945239452C4D887200CB2BD6;
			productRefGroup = 9452394F2C4D887200CB2BD6 /* Products */;
			projectDirPath = "";
			projectRoot = "";
			targets = (
				9452394D2C4D887200CB2BD6 /* TwitterClone */,
				9452395D2C4D887400CB2BD6 /* TwitterCloneTests */,
				945239672C4D887400CB2BD6 /* TwitterCloneUITests */,
			);
		};
/* End PBXProject section */

/* Begin PBXResourcesBuildPhase section */
		9452394C2C4D887200CB2BD6 /* Resources */ = {
			isa = PBXResourcesBuildPhase;
			buildActionMask = 2147483647;
			files = (
				945239592C4D887300CB2BD6 /* Preview Assets.xcassets in Resources */,
				945239562C4D887300CB2BD6 /* Assets.xcassets in Resources */,
			);
			runOnlyForDeploymentPostprocessing = 0;
		};
		9452395C2C4D887400CB2BD6 /* Resources */ = {
			isa = PBXResourcesBuildPhase;
			buildActionMask = 2147483647;
			files = (
			);
			runOnlyForDeploymentPostprocessing = 0;
		};
		945239662C4D887400CB2BD6 /* Resources */ = {
			isa = PBXResourcesBuildPhase;
			buildActionMask = 2147483647;
			files = (
			);
			runOnlyForDeploymentPostprocessing = 0;
		};
/* End PBXResourcesBuildPhase section */

/* Begin PBXSourcesBuildPhase section */
		9452394A2C4D887200CB2BD6 /* Sources */ = {
			isa = PBXSourcesBuildPhase;
			buildActionMask = 2147483647;
			files = (
				945239982C4E6D8300CB2BD6 /* MessagesView.swift in Sources */,
				9452399C2C4E71F200CB2BD6 /* ProfileView.swift in Sources */,
				945239542C4D887200CB2BD6 /* ContentView.swift in Sources */,
				945239B02C51531900CB2BD6 /* SideMenuRowView.swift in Sources */,
				945239962C4E6CF600CB2BD6 /* Notifications.swift in Sources */,
				945239A42C5145F300CB2BD6 /* TweetFilterViewModel.swift in Sources */,
				945239872C4D8C4100CB2BD6 /* TweetRowView.swift in Sources */,
				945239AE2C51530800CB2BD6 /* SideMenuView.swift in Sources */,
				945239842C4D8B1C00CB2BD6 /* FeedView.swift in Sources */,
				945239522C4D887200CB2BD6 /* TwitterCloneApp.swift in Sources */,
				945239A92C514EB200CB2BD6 /* UserRowView.swift in Sources */,
				945239932C4D95B500CB2BD6 /* ExploreView.swift in Sources */,
				9452398B2C4D935400CB2BD6 /* MainTabView.swift in Sources */,
			);
			runOnlyForDeploymentPostprocessing = 0;
		};
		9452395A2C4D887400CB2BD6 /* Sources */ = {
			isa = PBXSourcesBuildPhase;
			buildActionMask = 2147483647;
			files = (
				945239632C4D887400CB2BD6 /* TwitterCloneTests.swift in Sources */,
			);
			runOnlyForDeploymentPostprocessing = 0;
		};
		945239642C4D887400CB2BD6 /* Sources */ = {
			isa = PBXSourcesBuildPhase;
			buildActionMask = 2147483647;
			files = (
				9452396F2C4D887400CB2BD6 /* TwitterCloneUITestsLaunchTests.swift in Sources */,
				9452396D2C4D887400CB2BD6 /* TwitterCloneUITests.swift in Sources */,
			);
			runOnlyForDeploymentPostprocessing = 0;
		};
/* End PBXSourcesBuildPhase section */

/* Begin PBXTargetDependency section */
		945239602C4D887400CB2BD6 /* PBXTargetDependency */ = {
			isa = PBXTargetDependency;
			target = 9452394D2C4D887200CB2BD6 /* TwitterClone */;
			targetProxy = 9452395F2C4D887400CB2BD6 /* PBXContainerItemProxy */;
		};
		9452396A2C4D887400CB2BD6 /* PBXTargetDependency */ = {
			isa = PBXTargetDependency;
			target = 9452394D2C4D887200CB2BD6 /* TwitterClone */;
			targetProxy = 945239692C4D887400CB2BD6 /* PBXContainerItemProxy */;
		};
/* End PBXTargetDependency section */

/* Begin XCBuildConfiguration section */
		945239702C4D887400CB2BD6 /* Debug */ = {
			isa = XCBuildConfiguration;
			buildSettings = {
				ALWAYS_SEARCH_USER_PATHS = NO;
				CLANG_ANALYZER_NONNULL = YES;
				CLANG_ANALYZER_NUMBER_OBJECT_CONVERSION = YES_AGGRESSIVE;
				CLANG_CXX_LANGUAGE_STANDARD = "gnu++20";
				CLANG_ENABLE_MODULES = YES;
				CLANG_ENABLE_OBJC_ARC = YES;
				CLANG_ENABLE_OBJC_WEAK = YES;
				CLANG_WARN_BLOCK_CAPTURE_AUTORELEASING = YES;
				CLANG_WARN_BOOL_CONVERSION = YES;
				CLANG_WARN_COMMA = YES;
				CLANG_WARN_CONSTANT_CONVERSION = YES;
				CLANG_WARN_DEPRECATED_OBJC_IMPLEMENTATIONS = YES;
				CLANG_WARN_DIRECT_OBJC_ISA_USAGE = YES_ERROR;
				CLANG_WARN_DOCUMENTATION_COMMENTS = YES;
				CLANG_WARN_EMPTY_BODY = YES;
				CLANG_WARN_ENUM_CONVERSION = YES;
				CLANG_WARN_INFINITE_RECURSION = YES;
				CLANG_WARN_INT_CONVERSION = YES;
				CLANG_WARN_NON_LITERAL_NULL_CONVERSION = YES;
				CLANG_WARN_OBJC_IMPLICIT_RETAIN_SELF = YES;
				CLANG_WARN_OBJC_LITERAL_CONVERSION = YES;
				CLANG_WARN_OBJC_ROOT_CLASS = YES_ERROR;
				CLANG_WARN_QUOTED_INCLUDE_IN_FRAMEWORK_HEADER = YES;
				CLANG_WARN_RANGE_LOOP_ANALYSIS = YES;
				CLANG_WARN_STRICT_PROTOTYPES = YES;
				CLANG_WARN_SUSPICIOUS_MOVE = YES;
				CLANG_WARN_UNGUARDED_AVAILABILITY = YES_AGGRESSIVE;
				CLANG_WARN_UNREACHABLE_CODE = YES;
				CLANG_WARN__DUPLICATE_METHOD_MATCH = YES;
				COPY_PHASE_STRIP = NO;
				DEBUG_INFORMATION_FORMAT = dwarf;
				ENABLE_STRICT_OBJC_MSGSEND = YES;
				ENABLE_TESTABILITY = YES;
				GCC_C_LANGUAGE_STANDARD = gnu11;
				GCC_DYNAMIC_NO_PIC = NO;
				GCC_NO_COMMON_BLOCKS = YES;
				GCC_OPTIMIZATION_LEVEL = 0;
				GCC_PREPROCESSOR_DEFINITIONS = (
					"DEBUG=1",
					"$(inherited)",
				);
				GCC_WARN_64_TO_32_BIT_CONVERSION = YES;
				GCC_WARN_ABOUT_RETURN_TYPE = YES_ERROR;
				GCC_WARN_UNDECLARED_SELECTOR = YES;
				GCC_WARN_UNINITIALIZED_AUTOS = YES_AGGRESSIVE;
				GCC_WARN_UNUSED_FUNCTION = YES;
				GCC_WARN_UNUSED_VARIABLE = YES;
				IPHONEOS_DEPLOYMENT_TARGET = 16.4;
				MTL_ENABLE_DEBUG_INFO = INCLUDE_SOURCE;
				MTL_FAST_MATH = YES;
				ONLY_ACTIVE_ARCH = YES;
				SDKROOT = iphoneos;
				SWIFT_ACTIVE_COMPILATION_CONDITIONS = DEBUG;
				SWIFT_OPTIMIZATION_LEVEL = "-Onone";
			};
			name = Debug;
		};
		945239712C4D887400CB2BD6 /* Release */ = {
			isa = XCBuildConfiguration;
			buildSettings = {
				ALWAYS_SEARCH_USER_PATHS = NO;
				CLANG_ANALYZER_NONNULL = YES;
				CLANG_ANALYZER_NUMBER_OBJECT_CONVERSION = YES_AGGRESSIVE;
				CLANG_CXX_LANGUAGE_STANDARD = "gnu++20";
				CLANG_ENABLE_MODULES = YES;
				CLANG_ENABLE_OBJC_ARC = YES;
				CLANG_ENABLE_OBJC_WEAK = YES;
				CLANG_WARN_BLOCK_CAPTURE_AUTORELEASING = YES;
				CLANG_WARN_BOOL_CONVERSION = YES;
				CLANG_WARN_COMMA = YES;
				CLANG_WARN_CONSTANT_CONVERSION = YES;
				CLANG_WARN_DEPRECATED_OBJC_IMPLEMENTATIONS = YES;
				CLANG_WARN_DIRECT_OBJC_ISA_USAGE = YES_ERROR;
				CLANG_WARN_DOCUMENTATION_COMMENTS = YES;
				CLANG_WARN_EMPTY_BODY = YES;
				CLANG_WARN_ENUM_CONVERSION = YES;
				CLANG_WARN_INFINITE_RECURSION = YES;
				CLANG_WARN_INT_CONVERSION = YES;
				CLANG_WARN_NON_LITERAL_NULL_CONVERSION = YES;
				CLANG_WARN_OBJC_IMPLICIT_RETAIN_SELF = YES;
				CLANG_WARN_OBJC_LITERAL_CONVERSION = YES;
				CLANG_WARN_OBJC_ROOT_CLASS = YES_ERROR;
				CLANG_WARN_QUOTED_INCLUDE_IN_FRAMEWORK_HEADER = YES;
				CLANG_WARN_RANGE_LOOP_ANALYSIS = YES;
				CLANG_WARN_STRICT_PROTOTYPES = YES;
				CLANG_WARN_SUSPICIOUS_MOVE = YES;
				CLANG_WARN_UNGUARDED_AVAILABILITY = YES_AGGRESSIVE;
				CLANG_WARN_UNREACHABLE_CODE = YES;
				CLANG_WARN__DUPLICATE_METHOD_MATCH = YES;
				COPY_PHASE_STRIP = NO;
				DEBUG_INFORMATION_FORMAT = "dwarf-with-dsym";
				ENABLE_NS_ASSERTIONS = NO;
				ENABLE_STRICT_OBJC_MSGSEND = YES;
				GCC_C_LANGUAGE_STANDARD = gnu11;
				GCC_NO_COMMON_BLOCKS = YES;
				GCC_WARN_64_TO_32_BIT_CONVERSION = YES;
				GCC_WARN_ABOUT_RETURN_TYPE = YES_ERROR;
				GCC_WARN_UNDECLARED_SELECTOR = YES;
				GCC_WARN_UNINITIALIZED_AUTOS = YES_AGGRESSIVE;
				GCC_WARN_UNUSED_FUNCTION = YES;
				GCC_WARN_UNUSED_VARIABLE = YES;
				IPHONEOS_DEPLOYMENT_TARGET = 16.4;
				MTL_ENABLE_DEBUG_INFO = NO;
				MTL_FAST_MATH = YES;
				SDKROOT = iphoneos;
				SWIFT_COMPILATION_MODE = wholemodule;
				SWIFT_OPTIMIZATION_LEVEL = "-O";
				VALIDATE_PRODUCT = YES;
			};
			name = Release;
		};
		945239732C4D887400CB2BD6 /* Debug */ = {
			isa = XCBuildConfiguration;
			buildSettings = {
				ASSETCATALOG_COMPILER_APPICON_NAME = AppIcon;
				ASSETCATALOG_COMPILER_GLOBAL_ACCENT_COLOR_NAME = AccentColor;
				CODE_SIGN_STYLE = Automatic;
				CURRENT_PROJECT_VERSION = 1;
				DEVELOPMENT_ASSET_PATHS = "\"TwitterClone/Preview Content\"";
				ENABLE_PREVIEWS = YES;
				GENERATE_INFOPLIST_FILE = YES;
				INFOPLIST_KEY_UIApplicationSceneManifest_Generation = YES;
				INFOPLIST_KEY_UIApplicationSupportsIndirectInputEvents = YES;
				INFOPLIST_KEY_UILaunchScreen_Generation = YES;
				INFOPLIST_KEY_UISupportedInterfaceOrientations_iPad = "UIInterfaceOrientationPortrait UIInterfaceOrientationPortraitUpsideDown UIInterfaceOrientationLandscapeLeft UIInterfaceOrientationLandscapeRight";
				INFOPLIST_KEY_UISupportedInterfaceOrientations_iPhone = "UIInterfaceOrientationPortrait UIInterfaceOrientationLandscapeLeft UIInterfaceOrientationLandscapeRight";
				LD_RUNPATH_SEARCH_PATHS = (
					"$(inherited)",
					"@executable_path/Frameworks",
				);
				MARKETING_VERSION = 1.0;
				PRODUCT_BUNDLE_IDENTIFIER = Buhle.TwitterClone;
				PRODUCT_NAME = "$(TARGET_NAME)";
				SWIFT_EMIT_LOC_STRINGS = YES;
				SWIFT_VERSION = 5.0;
				TARGETED_DEVICE_FAMILY = "1,2";
			};
			name = Debug;
		};
		945239742C4D887400CB2BD6 /* Release */ = {
			isa = XCBuildConfiguration;
			buildSettings = {
				ASSETCATALOG_COMPILER_APPICON_NAME = AppIcon;
				ASSETCATALOG_COMPILER_GLOBAL_ACCENT_COLOR_NAME = AccentColor;
				CODE_SIGN_STYLE = Automatic;
				CURRENT_PROJECT_VERSION = 1;
				DEVELOPMENT_ASSET_PATHS = "\"TwitterClone/Preview Content\"";
				ENABLE_PREVIEWS = YES;
				GENERATE_INFOPLIST_FILE = YES;
				INFOPLIST_KEY_UIApplicationSceneManifest_Generation = YES;
				INFOPLIST_KEY_UIApplicationSupportsIndirectInputEvents = YES;
				INFOPLIST_KEY_UILaunchScreen_Generation = YES;
				INFOPLIST_KEY_UISupportedInterfaceOrientations_iPad = "UIInterfaceOrientationPortrait UIInterfaceOrientationPortraitUpsideDown UIInterfaceOrientationLandscapeLeft UIInterfaceOrientationLandscapeRight";
				INFOPLIST_KEY_UISupportedInterfaceOrientations_iPhone = "UIInterfaceOrientationPortrait UIInterfaceOrientationLandscapeLeft UIInterfaceOrientationLandscapeRight";
				LD_RUNPATH_SEARCH_PATHS = (
					"$(inherited)",
					"@executable_path/Frameworks",
				);
				MARKETING_VERSION = 1.0;
				PRODUCT_BUNDLE_IDENTIFIER = Buhle.TwitterClone;
				PRODUCT_NAME = "$(TARGET_NAME)";
				SWIFT_EMIT_LOC_STRINGS = YES;
				SWIFT_VERSION = 5.0;
				TARGETED_DEVICE_FAMILY = "1,2";
			};
			name = Release;
		};
		945239762C4D887400CB2BD6 /* Debug */ = {
			isa = XCBuildConfiguration;
			buildSettings = {
				ALWAYS_EMBED_SWIFT_STANDARD_LIBRARIES = YES;
				BUNDLE_LOADER = "$(TEST_HOST)";
				CODE_SIGN_STYLE = Automatic;
				CURRENT_PROJECT_VERSION = 1;
				GENERATE_INFOPLIST_FILE = YES;
				IPHONEOS_DEPLOYMENT_TARGET = 16.4;
				MARKETING_VERSION = 1.0;
				PRODUCT_BUNDLE_IDENTIFIER = Buhle.TwitterCloneTests;
				PRODUCT_NAME = "$(TARGET_NAME)";
				SWIFT_EMIT_LOC_STRINGS = NO;
				SWIFT_VERSION = 5.0;
				TARGETED_DEVICE_FAMILY = "1,2";
				TEST_HOST = "$(BUILT_PRODUCTS_DIR)/TwitterClone.app/$(BUNDLE_EXECUTABLE_FOLDER_PATH)/TwitterClone";
			};
			name = Debug;
		};
		945239772C4D887400CB2BD6 /* Release */ = {
			isa = XCBuildConfiguration;
			buildSettings = {
				ALWAYS_EMBED_SWIFT_STANDARD_LIBRARIES = YES;
				BUNDLE_LOADER = "$(TEST_HOST)";
				CODE_SIGN_STYLE = Automatic;
				CURRENT_PROJECT_VERSION = 1;
				GENERATE_INFOPLIST_FILE = YES;
				IPHONEOS_DEPLOYMENT_TARGET = 16.4;
				MARKETING_VERSION = 1.0;
				PRODUCT_BUNDLE_IDENTIFIER = Buhle.TwitterCloneTests;
				PRODUCT_NAME = "$(TARGET_NAME)";
				SWIFT_EMIT_LOC_STRINGS = NO;
				SWIFT_VERSION = 5.0;
				TARGETED_DEVICE_FAMILY = "1,2";
				TEST_HOST = "$(BUILT_PRODUCTS_DIR)/TwitterClone.app/$(BUNDLE_EXECUTABLE_FOLDER_PATH)/TwitterClone";
			};
			name = Release;
		};
		945239792C4D887400CB2BD6 /* Debug */ = {
			isa = XCBuildConfiguration;
			buildSettings = {
				ALWAYS_EMBED_SWIFT_STANDARD_LIBRARIES = YES;
				CODE_SIGN_STYLE = Automatic;
				CURRENT_PROJECT_VERSION = 1;
				GENERATE_INFOPLIST_FILE = YES;
				MARKETING_VERSION = 1.0;
				PRODUCT_BUNDLE_IDENTIFIER = Buhle.TwitterCloneUITests;
				PRODUCT_NAME = "$(TARGET_NAME)";
				SWIFT_EMIT_LOC_STRINGS = NO;
				SWIFT_VERSION = 5.0;
				TARGETED_DEVICE_FAMILY = "1,2";
				TEST_TARGET_NAME = TwitterClone;
			};
			name = Debug;
		};
		9452397A2C4D887400CB2BD6 /* Release */ = {
			isa = XCBuildConfiguration;
			buildSettings = {
				ALWAYS_EMBED_SWIFT_STANDARD_LIBRARIES = YES;
				CODE_SIGN_STYLE = Automatic;
				CURRENT_PROJECT_VERSION = 1;
				GENERATE_INFOPLIST_FILE = YES;
				MARKETING_VERSION = 1.0;
				PRODUCT_BUNDLE_IDENTIFIER = Buhle.TwitterCloneUITests;
				PRODUCT_NAME = "$(TARGET_NAME)";
				SWIFT_EMIT_LOC_STRINGS = NO;
				SWIFT_VERSION = 5.0;
				TARGETED_DEVICE_FAMILY = "1,2";
				TEST_TARGET_NAME = TwitterClone;
			};
			name = Release;
		};
/* End XCBuildConfiguration section */

/* Begin XCConfigurationList section */
		945239492C4D887200CB2BD6 /* Build configuration list for PBXProject "TwitterClone" */ = {
			isa = XCConfigurationList;
			buildConfigurations = (
				945239702C4D887400CB2BD6 /* Debug */,
				945239712C4D887400CB2BD6 /* Release */,
			);
			defaultConfigurationIsVisible = 0;
			defaultConfigurationName = Release;
		};
		945239722C4D887400CB2BD6 /* Build configuration list for PBXNativeTarget "TwitterClone" */ = {
			isa = XCConfigurationList;
			buildConfigurations = (
				945239732C4D887400CB2BD6 /* Debug */,
				945239742C4D887400CB2BD6 /* Release */,
			);
			defaultConfigurationIsVisible = 0;
			defaultConfigurationName = Release;
		};
		945239752C4D887400CB2BD6 /* Build configuration list for PBXNativeTarget "TwitterCloneTests" */ = {
			isa = XCConfigurationList;
			buildConfigurations = (
				945239762C4D887400CB2BD6 /* Debug */,
				945239772C4D887400CB2BD6 /* Release */,
			);
			defaultConfigurationIsVisible = 0;
			defaultConfigurationName = Release;
		};
		945239782C4D887400CB2BD6 /* Build configuration list for PBXNativeTarget "TwitterCloneUITests" */ = {
			isa = XCConfigurationList;
			buildConfigurations = (
				945239792C4D887400CB2BD6 /* Debug */,
				9452397A2C4D887400CB2BD6 /* Release */,
			);
			defaultConfigurationIsVisible = 0;
			defaultConfigurationName = Release;
		};
/* End XCConfigurationList section */
	};
	rootObject = 945239462C4D887200CB2BD6 /* Project object */;
}
